// !$*UTF8*$!
{
	archiveVersion = 1;
	classes = {
	};
	objectVersion = 46;
	objects = {

/* Begin PBXBuildFile section */
		3F2B8AD21E5FA8A600C70990 /* LoginViewController.swift in Sources */ = {isa = PBXBuildFile; fileRef = 3F2B8AD11E5FA8A600C70990 /* LoginViewController.swift */; };
		6FAB01EB5F4884C2C48D54E7 /* Pods_PChat.framework in Frameworks */ = {isa = PBXBuildFile; fileRef = DA246CFCAAF63A0B4BFD5FE4 /* Pods_PChat.framework */; };
		EB0BD48F1E5FA573007C3B93 /* AppDelegate.swift in Sources */ = {isa = PBXBuildFile; fileRef = EB0BD48E1E5FA573007C3B93 /* AppDelegate.swift */; };
		EB0BD4911E5FA573007C3B93 /* ChatViewController.swift in Sources */ = {isa = PBXBuildFile; fileRef = EB0BD4901E5FA573007C3B93 /* ChatViewController.swift */; };
		EB0BD4941E5FA573007C3B93 /* Main.storyboard in Resources */ = {isa = PBXBuildFile; fileRef = EB0BD4921E5FA573007C3B93 /* Main.storyboard */; };
		EB0BD4961E5FA573007C3B93 /* Assets.xcassets in Resources */ = {isa = PBXBuildFile; fileRef = EB0BD4951E5FA573007C3B93 /* Assets.xcassets */; };
		EB0BD4991E5FA573007C3B93 /* LaunchScreen.storyboard in Resources */ = {isa = PBXBuildFile; fileRef = EB0BD4971E5FA573007C3B93 /* LaunchScreen.storyboard */; };
		EB0C2A641E5FC8FC0025152C /* textCell.swift in Sources */ = {isa = PBXBuildFile; fileRef = EB0C2A631E5FC8FC0025152C /* textCell.swift */; };
/* End PBXBuildFile section */

/* Begin PBXFileReference section */
		3F2B8AD11E5FA8A600C70990 /* LoginViewController.swift */ = {isa = PBXFileReference; fileEncoding = 4; lastKnownFileType = sourcecode.swift; path = LoginViewController.swift; sourceTree = "<group>"; };
		C2CD9C17F590085785F75519 /* Pods-PChat.release.xcconfig */ = {isa = PBXFileReference; includeInIndex = 1; lastKnownFileType = text.xcconfig; name = "Pods-PChat.release.xcconfig"; path = "Pods/Target Support Files/Pods-PChat/Pods-PChat.release.xcconfig"; sourceTree = "<group>"; };
		DA246CFCAAF63A0B4BFD5FE4 /* Pods_PChat.framework */ = {isa = PBXFileReference; explicitFileType = wrapper.framework; includeInIndex = 0; path = Pods_PChat.framework; sourceTree = BUILT_PRODUCTS_DIR; };
		EB0BD48B1E5FA573007C3B93 /* PChat.app */ = {isa = PBXFileReference; explicitFileType = wrapper.application; includeInIndex = 0; path = PChat.app; sourceTree = BUILT_PRODUCTS_DIR; };
		EB0BD48E1E5FA573007C3B93 /* AppDelegate.swift */ = {isa = PBXFileReference; lastKnownFileType = sourcecode.swift; path = AppDelegate.swift; sourceTree = "<group>"; };
		EB0BD4901E5FA573007C3B93 /* ChatViewController.swift */ = {isa = PBXFileReference; lastKnownFileType = sourcecode.swift; path = ChatViewController.swift; sourceTree = "<group>"; };
		EB0BD4931E5FA573007C3B93 /* Base */ = {isa = PBXFileReference; lastKnownFileType = file.storyboard; name = Base; path = Base.lproj/Main.storyboard; sourceTree = "<group>"; };
		EB0BD4951E5FA573007C3B93 /* Assets.xcassets */ = {isa = PBXFileReference; lastKnownFileType = folder.assetcatalog; path = Assets.xcassets; sourceTree = "<group>"; };
		EB0BD4981E5FA573007C3B93 /* Base */ = {isa = PBXFileReference; lastKnownFileType = file.storyboard; name = Base; path = Base.lproj/LaunchScreen.storyboard; sourceTree = "<group>"; };
		EB0BD49A1E5FA573007C3B93 /* Info.plist */ = {isa = PBXFileReference; lastKnownFileType = text.plist.xml; path = Info.plist; sourceTree = "<group>"; };
		EB0C2A631E5FC8FC0025152C /* textCell.swift */ = {isa = PBXFileReference; fileEncoding = 4; lastKnownFileType = sourcecode.swift; path = textCell.swift; sourceTree = "<group>"; };
		EC2D808CEF54A16981EFBF16 /* Pods-PChat.debug.xcconfig */ = {isa = PBXFileReference; includeInIndex = 1; lastKnownFileType = text.xcconfig; name = "Pods-PChat.debug.xcconfig"; path = "Pods/Target Support Files/Pods-PChat/Pods-PChat.debug.xcconfig"; sourceTree = "<group>"; };
/* End PBXFileReference section */

/* Begin PBXFrameworksBuildPhase section */
		EB0BD4881E5FA572007C3B93 /* Frameworks */ = {
			isa = PBXFrameworksBuildPhase;
			buildActionMask = 2147483647;
			files = (
				6FAB01EB5F4884C2C48D54E7 /* Pods_PChat.framework in Frameworks */,
			);
			runOnlyForDeploymentPostprocessing = 0;
		};
/* End PBXFrameworksBuildPhase section */

/* Begin PBXGroup section */
		9DD52EEA65805C9EDEA6C679 /* Pods */ = {
			isa = PBXGroup;
			children = (
				EC2D808CEF54A16981EFBF16 /* Pods-PChat.debug.xcconfig */,
				C2CD9C17F590085785F75519 /* Pods-PChat.release.xcconfig */,
			);
			name = Pods;
			sourceTree = "<group>";
		};
		A19C6263E476B3A162B186D3 /* Frameworks */ = {
			isa = PBXGroup;
			children = (
				DA246CFCAAF63A0B4BFD5FE4 /* Pods_PChat.framework */,
			);
			name = Frameworks;
			sourceTree = "<group>";
		};
		EB0BD4821E5FA572007C3B93 = {
			isa = PBXGroup;
			children = (
				EB0BD48D1E5FA573007C3B93 /* PChat */,
				EB0BD48C1E5FA573007C3B93 /* Products */,
				9DD52EEA65805C9EDEA6C679 /* Pods */,
				A19C6263E476B3A162B186D3 /* Frameworks */,
			);
			sourceTree = "<group>";
		};
		EB0BD48C1E5FA573007C3B93 /* Products */ = {
			isa = PBXGroup;
			children = (
				EB0BD48B1E5FA573007C3B93 /* PChat.app */,
			);
			name = Products;
			sourceTree = "<group>";
		};
		EB0BD48D1E5FA573007C3B93 /* PChat */ = {
			isa = PBXGroup;
			children = (
				EB0BD48E1E5FA573007C3B93 /* AppDelegate.swift */,
				EB0BD4901E5FA573007C3B93 /* ChatViewController.swift */,
				3F2B8AD11E5FA8A600C70990 /* LoginViewController.swift */,
				EB0C2A631E5FC8FC0025152C /* textCell.swift */,
				EB0BD4921E5FA573007C3B93 /* Main.storyboard */,
				EB0BD4951E5FA573007C3B93 /* Assets.xcassets */,
				EB0BD4971E5FA573007C3B93 /* LaunchScreen.storyboard */,
				EB0BD49A1E5FA573007C3B93 /* Info.plist */,
			);
			path = PChat;
			sourceTree = "<group>";
		};
/* End PBXGroup section */

/* Begin PBXNativeTarget section */
		EB0BD48A1E5FA572007C3B93 /* PChat */ = {
			isa = PBXNativeTarget;
			buildConfigurationList = EB0BD49D1E5FA573007C3B93 /* Build configuration list for PBXNativeTarget "PChat" */;
			buildPhases = (
				4C679D852150E7B97A99B23F /* [CP] Check Pods Manifest.lock */,
				EB0BD4871E5FA572007C3B93 /* Sources */,
				EB0BD4881E5FA572007C3B93 /* Frameworks */,
				EB0BD4891E5FA572007C3B93 /* Resources */,
				7F615127FD022D2FB3854978 /* [CP] Embed Pods Frameworks */,
				F5E3753613986A64D2088A21 /* [CP] Copy Pods Resources */,
			);
			buildRules = (
			);
			dependencies = (
			);
			name = PChat;
			productName = PChat;
			productReference = EB0BD48B1E5FA573007C3B93 /* PChat.app */;
			productType = "com.apple.product-type.application";
		};
/* End PBXNativeTarget section */

/* Begin PBXProject section */
		EB0BD4831E5FA572007C3B93 /* Project object */ = {
			isa = PBXProject;
			attributes = {
				LastSwiftUpdateCheck = 0820;
				LastUpgradeCheck = 0820;
				ORGANIZATIONNAME = "YangSzu Kai";
				TargetAttributes = {
					EB0BD48A1E5FA572007C3B93 = {
						CreatedOnToolsVersion = 8.2.1;
						ProvisioningStyle = Automatic;
					};
				};
			};
			buildConfigurationList = EB0BD4861E5FA572007C3B93 /* Build configuration list for PBXProject "PChat" */;
			compatibilityVersion = "Xcode 3.2";
			developmentRegion = English;
			hasScannedForEncodings = 0;
			knownRegions = (
				en,
				Base,
			);
			mainGroup = EB0BD4821E5FA572007C3B93;
			productRefGroup = EB0BD48C1E5FA573007C3B93 /* Products */;
			projectDirPath = "";
			projectRoot = "";
			targets = (
				EB0BD48A1E5FA572007C3B93 /* PChat */,
			);
		};
/* End PBXProject section */

/* Begin PBXResourcesBuildPhase section */
		EB0BD4891E5FA572007C3B93 /* Resources */ = {
			isa = PBXResourcesBuildPhase;
			buildActionMask = 2147483647;
			files = (
				EB0BD4991E5FA573007C3B93 /* LaunchScreen.storyboard in Resources */,
				EB0BD4961E5FA573007C3B93 /* Assets.xcassets in Resources */,
				EB0BD4941E5FA573007C3B93 /* Main.storyboard in Resources */,
			);
			runOnlyForDeploymentPostprocessing = 0;
		};
/* End PBXResourcesBuildPhase section */

/* Begin PBXShellScriptBuildPhase section */
		4C679D852150E7B97A99B23F /* [CP] Check Pods Manifest.lock */ = {
			isa = PBXShellScriptBuildPhase;
			buildActionMask = 2147483647;
			files = (
			);
			inputPaths = (
			);
			name = "[CP] Check Pods Manifest.lock";
			outputPaths = (
			);
			runOnlyForDeploymentPostprocessing = 0;
			shellPath = /bin/sh;
			shellScript = "diff \"${PODS_ROOT}/../Podfile.lock\" \"${PODS_ROOT}/Manifest.lock\" > /dev/null\nif [ $? != 0 ] ; then\n    # print error to STDERR\n    echo \"error: The sandbox is not in sync with the Podfile.lock. Run 'pod install' or update your CocoaPods installation.\" >&2\n    exit 1\nfi\n";
			showEnvVarsInLog = 0;
		};
		7F615127FD022D2FB3854978 /* [CP] Embed Pods Frameworks */ = {
			isa = PBXShellScriptBuildPhase;
			buildActionMask = 2147483647;
			files = (
			);
			inputPaths = (
			);
			name = "[CP] Embed Pods Frameworks";
			outputPaths = (
			);
			runOnlyForDeploymentPostprocessing = 0;
			shellPath = /bin/sh;
			shellScript = "\"${SRCROOT}/Pods/Target Support Files/Pods-PChat/Pods-PChat-frameworks.sh\"\n";
			showEnvVarsInLog = 0;
		};
		F5E3753613986A64D2088A21 /* [CP] Copy Pods Resources */ = {
			isa = PBXShellScriptBuildPhase;
			buildActionMask = 2147483647;
			files = (
			);
			inputPaths = (
			);
			name = "[CP] Copy Pods Resources";
			outputPaths = (
			);
			runOnlyForDeploymentPostprocessing = 0;
			shellPath = /bin/sh;
			shellScript = "\"${SRCROOT}/Pods/Target Support Files/Pods-PChat/Pods-PChat-resources.sh\"\n";
			showEnvVarsInLog = 0;
		};
/* End PBXShellScriptBuildPhase section */

/* Begin PBXSourcesBuildPhase section */
		EB0BD4871E5FA572007C3B93 /* Sources */ = {
			isa = PBXSourcesBuildPhase;
			buildActionMask = 2147483647;
			files = (
				3F2B8AD21E5FA8A600C70990 /* LoginViewController.swift in Sources */,
				EB0BD4911E5FA573007C3B93 /* ChatViewController.swift in Sources */,
				EB0C2A641E5FC8FC0025152C /* textCell.swift in Sources */,
				EB0BD48F1E5FA573007C3B93 /* AppDelegate.swift in Sources */,
			);
			runOnlyForDeploymentPostprocessing = 0;
		};
/* End PBXSourcesBuildPhase section */

/* Begin PBXVariantGroup section */
		EB0BD4921E5FA573007C3B93 /* Main.storyboard */ = {
			isa = PBXVariantGroup;
			children = (
				EB0BD4931E5FA573007C3B93 /* Base */,
			);
			name = Main.storyboard;
			sourceTree = "<group>";
		};
		EB0BD4971E5FA573007C3B93 /* LaunchScreen.storyboard */ = {
			isa = PBXVariantGroup;
			children = (
				EB0BD4981E5FA573007C3B93 /* Base */,
			);
			name = LaunchScreen.storyboard;
			sourceTree = "<group>";
		};
/* End PBXVariantGroup section */

/* Begin XCBuildConfiguration section */
		EB0BD49B1E5FA573007C3B93 /* Debug */ = {
			isa = XCBuildConfiguration;
			buildSettings = {
				ALWAYS_SEARCH_USER_PATHS = NO;
				CLANG_ANALYZER_NONNULL = YES;
				CLANG_CXX_LANGUAGE_STANDARD = "gnu++0x";
				CLANG_CXX_LIBRARY = "libc++";
				CLANG_ENABLE_MODULES = YES;
				CLANG_ENABLE_OBJC_ARC = YES;
				CLANG_WARN_BOOL_CONVERSION = YES;
				CLANG_WARN_CONSTANT_CONVERSION = YES;
				CLANG_WARN_DIRECT_OBJC_ISA_USAGE = YES_ERROR;
				CLANG_WARN_DOCUMENTATION_COMMENTS = YES;
				CLANG_WARN_EMPTY_BODY = YES;
				CLANG_WARN_ENUM_CONVERSION = YES;
				CLANG_WARN_INFINITE_RECURSION = YES;
				CLANG_WARN_INT_CONVERSION = YES;
				CLANG_WARN_OBJC_ROOT_CLASS = YES_ERROR;
				CLANG_WARN_SUSPICIOUS_MOVE = YES;
				CLANG_WARN_UNREACHABLE_CODE = YES;
				CLANG_WARN__DUPLICATE_METHOD_MATCH = YES;
				"CODE_SIGN_IDENTITY[sdk=iphoneos*]" = "iPhone Developer";
				COPY_PHASE_STRIP = NO;
				DEBUG_INFORMATION_FORMAT = dwarf;
				ENABLE_STRICT_OBJC_MSGSEND = YES;
				ENABLE_TESTABILITY = YES;
				GCC_C_LANGUAGE_STANDARD = gnu99;
				GCC_DYNAMIC_NO_PIC = NO;
				GCC_NO_COMMON_BLOCKS = YES;
				GCC_OPTIMIZATION_LEVEL = 0;
				GCC_PREPROCESSOR_DEFINITIONS = (
					"DEBUG=1",
					"$(inherited)",
				);
				GCC_WARN_64_TO_32_BIT_CONVERSION = YES;
				GCC_WARN_ABOUT_RETURN_TYPE = YES_ERROR;
				GCC_WARN_UNDECLARED_SELECTOR = YES;
				GCC_WARN_UNINITIALIZED_AUTOS = YES_AGGRESSIVE;
				GCC_WARN_UNUSED_FUNCTION = YES;
				GCC_WARN_UNUSED_VARIABLE = YES;
				IPHONEOS_DEPLOYMENT_TARGET = 10.2;
				MTL_ENABLE_DEBUG_INFO = YES;
				ONLY_ACTIVE_ARCH = YES;
				SDKROOT = iphoneos;
				SWIFT_ACTIVE_COMPILATION_CONDITIONS = DEBUG;
				SWIFT_OPTIMIZATION_LEVEL = "-Onone";
			};
			name = Debug;
		};
		EB0BD49C1E5FA573007C3B93 /* Release */ = {
			isa = XCBuildConfiguration;
			buildSettings = {
				ALWAYS_SEARCH_USER_PATHS = NO;
				CLANG_ANALYZER_NONNULL = YES;
				CLANG_CXX_LANGUAGE_STANDARD = "gnu++0x";
				CLANG_CXX_LIBRARY = "libc++";
				CLANG_ENABLE_MODULES = YES;
				CLANG_ENABLE_OBJC_ARC = YES;
				CLANG_WARN_BOOL_CONVERSION = YES;
				CLANG_WARN_CONSTANT_CONVERSION = YES;
				CLANG_WARN_DIRECT_OBJC_ISA_USAGE = YES_ERROR;
				CLANG_WARN_DOCUMENTATION_COMMENTS = YES;
				CLANG_WARN_EMPTY_BODY = YES;
				CLANG_WARN_ENUM_CONVERSION = YES;
				CLANG_WARN_INFINITE_RECURSION = YES;
				CLANG_WARN_INT_CONVERSION = YES;
				CLANG_WARN_OBJC_ROOT_CLASS = YES_ERROR;
				CLANG_WARN_SUSPICIOUS_MOVE = YES;
				CLANG_WARN_UNREACHABLE_CODE = YES;
				CLANG_WARN__DUPLICATE_METHOD_MATCH = YES;
				"CODE_SIGN_IDENTITY[sdk=iphoneos*]" = "iPhone Developer";
				COPY_PHASE_STRIP = NO;
				DEBUG_INFORMATION_FORMAT = "dwarf-with-dsym";
				ENABLE_NS_ASSERTIONS = NO;
				ENABLE_STRICT_OBJC_MSGSEND = YES;
				GCC_C_LANGUAGE_STANDARD = gnu99;
				GCC_NO_COMMON_BLOCKS = YES;
				GCC_WARN_64_TO_32_BIT_CONVERSION = YES;
				GCC_WARN_ABOUT_RETURN_TYPE = YES_ERROR;
				GCC_WARN_UNDECLARED_SELECTOR = YES;
				GCC_WARN_UNINITIALIZED_AUTOS = YES_AGGRESSIVE;
				GCC_WARN_UNUSED_FUNCTION = YES;
				GCC_WARN_UNUSED_VARIABLE = YES;
				IPHONEOS_DEPLOYMENT_TARGET = 10.2;
				MTL_ENABLE_DEBUG_INFO = NO;
				SDKROOT = iphoneos;
				SWIFT_OPTIMIZATION_LEVEL = "-Owholemodule";
				VALIDATE_PRODUCT = YES;
			};
			name = Release;
		};
		EB0BD49E1E5FA573007C3B93 /* Debug */ = {
			isa = XCBuildConfiguration;
			baseConfigurationReference = EC2D808CEF54A16981EFBF16 /* Pods-PChat.debug.xcconfig */;
			buildSettings = {
				ASSETCATALOG_COMPILER_APPICON_NAME = AppIcon;
				INFOPLIST_FILE = PChat/Info.plist;
				LD_RUNPATH_SEARCH_PATHS = "$(inherited) @executable_path/Frameworks";
				PRODUCT_BUNDLE_IDENTIFIER = Plato.PChat;
				PRODUCT_NAME = "$(TARGET_NAME)";
				SWIFT_VERSION = 3.0;
			};
			name = Debug;
		};
		EB0BD49F1E5FA573007C3B93 /* Release */ = {
			isa = XCBuildConfiguration;
			baseConfigurationReference = C2CD9C17F590085785F75519 /* Pods-PChat.release.xcconfig */;
			buildSettings = {
				ASSETCATALOG_COMPILER_APPICON_NAME = AppIcon;
				INFOPLIST_FILE = PChat/Info.plist;
				LD_RUNPATH_SEARCH_PATHS = "$(inherited) @executable_path/Frameworks";
				PRODUCT_BUNDLE_IDENTIFIER = Plato.PChat;
				PRODUCT_NAME = "$(TARGET_NAME)";
				SWIFT_VERSION = 3.0;
			};
			name = Release;
		};
/* End XCBuildConfiguration section */

/* Begin XCConfigurationList section */
		EB0BD4861E5FA572007C3B93 /* Build configuration list for PBXProject "PChat" */ = {
			isa = XCConfigurationList;
			buildConfigurations = (
				EB0BD49B1E5FA573007C3B93 /* Debug */,
				EB0BD49C1E5FA573007C3B93 /* Release */,
			);
			defaultConfigurationIsVisible = 0;
			defaultConfigurationName = Release;
		};
		EB0BD49D1E5FA573007C3B93 /* Build configuration list for PBXNativeTarget "PChat" */ = {
			isa = XCConfigurationList;
			buildConfigurations = (
				EB0BD49E1E5FA573007C3B93 /* Debug */,
				EB0BD49F1E5FA573007C3B93 /* Release */,
			);
			defaultConfigurationIsVisible = 0;
			defaultConfigurationName = Release;
		};
/* End XCConfigurationList section */
	};
	rootObject = EB0BD4831E5FA572007C3B93 /* Project object */;
}
